{
  "name": "aws-transfer-demo",
  "version": "1.0.0",
  "lockfileVersion": 1,
  "requires": true,
  "dependencies": {
    "@aws-cdk/assets": {
      "version": "1.100.0",
      "resolved": "https://registry.npmjs.org/@aws-cdk/assets/-/assets-1.100.0.tgz",
      "integrity": "sha512-/svAGcK+YPYpFECDZQRUgSfVDowwjx6nFek7cmQ08rivjjsHdg+bVIIHvuOGA1cjIjmNzuufTTgIzaMTrzGdZQ==",
      "requires": {
        "@aws-cdk/core": "1.100.0",
        "@aws-cdk/cx-api": "1.100.0",
        "constructs": "^3.3.69"
      }
    },
    "@aws-cdk/aws-apigateway": {
      "version": "1.100.0",
      "resolved": "https://registry.npmjs.org/@aws-cdk/aws-apigateway/-/aws-apigateway-1.100.0.tgz",
      "integrity": "sha512-P0NN3AAWSjoEKGDgzbzGzQrGqdlsOXGavtStocZddbk2vFMBoWKQHRHtGL6hrU43Dv5k5VObEX0snJuVpFcHNQ==",
      "requires": {
        "@aws-cdk/aws-certificatemanager": "1.100.0",
        "@aws-cdk/aws-cloudwatch": "1.100.0",
        "@aws-cdk/aws-cognito": "1.100.0",
        "@aws-cdk/aws-ec2": "1.100.0",
        "@aws-cdk/aws-elasticloadbalancingv2": "1.100.0",
        "@aws-cdk/aws-iam": "1.100.0",
        "@aws-cdk/aws-lambda": "1.100.0",
        "@aws-cdk/aws-logs": "1.100.0",
        "@aws-cdk/aws-s3": "1.100.0",
        "@aws-cdk/aws-s3-assets": "1.100.0",
        "@aws-cdk/core": "1.100.0",
        "@aws-cdk/cx-api": "1.100.0",
        "constructs": "^3.3.69"
      }
    },
    "@aws-cdk/aws-applicationautoscaling": {
      "version": "1.100.0",
      "resolved": "https://registry.npmjs.org/@aws-cdk/aws-applicationautoscaling/-/aws-applicationautoscaling-1.100.0.tgz",
      "integrity": "sha512-XL424vT5WxNzqyh+i39/E+0o+j/dqi+AS8SSP6cE4QKG98QDslh3pa/vsEc71ub7GCJHkWtl8uO2zcrN8c22yg==",
      "requires": {
        "@aws-cdk/aws-autoscaling-common": "1.100.0",
        "@aws-cdk/aws-cloudwatch": "1.100.0",
        "@aws-cdk/aws-iam": "1.100.0",
        "@aws-cdk/core": "1.100.0",
        "constructs": "^3.3.69"
      }
    },
    "@aws-cdk/aws-autoscaling-common": {
      "version": "1.100.0",
      "resolved": "https://registry.npmjs.org/@aws-cdk/aws-autoscaling-common/-/aws-autoscaling-common-1.100.0.tgz",
      "integrity": "sha512-JoFi2iTwtY/AHB5DfAfWhRBABNqbMPBB1WOCLo5n9seoiXPN94b+45YZewtC2uzq3tgsrouRgvF0n3wcCbnXIw==",
      "requires": {
        "@aws-cdk/aws-iam": "1.100.0",
        "@aws-cdk/core": "1.100.0",
        "constructs": "^3.3.69"
      }
    },
    "@aws-cdk/aws-certificatemanager": {
      "version": "1.100.0",
      "resolved": "https://registry.npmjs.org/@aws-cdk/aws-certificatemanager/-/aws-certificatemanager-1.100.0.tgz",
      "integrity": "sha512-QDTtfeJLo3PY39/r9IYsSrScrb3C9wUUPlYoGiZP0zmLLvu3v2pGJKxwJrwx78pMBjUQJNbRiDODYyivb0/Ilg==",
      "requires": {
        "@aws-cdk/aws-iam": "1.100.0",
        "@aws-cdk/aws-lambda": "1.100.0",
        "@aws-cdk/aws-route53": "1.100.0",
        "@aws-cdk/core": "1.100.0",
        "constructs": "^3.3.69"
      }
    },
    "@aws-cdk/aws-cloudformation": {
      "version": "1.100.0",
      "resolved": "https://registry.npmjs.org/@aws-cdk/aws-cloudformation/-/aws-cloudformation-1.100.0.tgz",
      "integrity": "sha512-SzH5lqI6q2SAH9Ocidxlcx3Zk2C6g1rx+XZ/ieNuXdWiHIzjldLqw5qfUUGqR1Q52OQE4m0a4lb/4KJUTnXr0A==",
      "requires": {
        "@aws-cdk/aws-iam": "1.100.0",
        "@aws-cdk/aws-lambda": "1.100.0",
        "@aws-cdk/aws-s3": "1.100.0",
        "@aws-cdk/aws-sns": "1.100.0",
        "@aws-cdk/core": "1.100.0",
        "@aws-cdk/cx-api": "1.100.0",
        "constructs": "^3.3.69"
      }
    },
    "@aws-cdk/aws-cloudfront": {
      "version": "1.100.0",
      "resolved": "https://registry.npmjs.org/@aws-cdk/aws-cloudfront/-/aws-cloudfront-1.100.0.tgz",
      "integrity": "sha512-70ulJs4zaJ+jtQ4OwxWEgKiNxVKLRUYETBxJTE337tzwFE1X/lrXhRUoew87q6sxOYC/AVF2BAxZhwxZjThYAw==",
      "requires": {
        "@aws-cdk/aws-certificatemanager": "1.100.0",
        "@aws-cdk/aws-cloudwatch": "1.100.0",
        "@aws-cdk/aws-ec2": "1.100.0",
        "@aws-cdk/aws-iam": "1.100.0",
        "@aws-cdk/aws-kms": "1.100.0",
        "@aws-cdk/aws-lambda": "1.100.0",
        "@aws-cdk/aws-s3": "1.100.0",
        "@aws-cdk/aws-ssm": "1.100.0",
        "@aws-cdk/core": "1.100.0",
        "constructs": "^3.3.69"
      }
    },
    "@aws-cdk/aws-cloudwatch": {
      "version": "1.100.0",
      "resolved": "https://registry.npmjs.org/@aws-cdk/aws-cloudwatch/-/aws-cloudwatch-1.100.0.tgz",
      "integrity": "sha512-41q/T8ip7BLEQdLO6BKK0Es5LTa7azgebllxVk886AyrZ1LaxTDAnyNJYBBWpEh5W+xvEroU/NLYwxLCUB0Aaw==",
      "requires": {
        "@aws-cdk/aws-iam": "1.100.0",
        "@aws-cdk/core": "1.100.0",
        "constructs": "^3.3.69"
      }
    },
    "@aws-cdk/aws-codeguruprofiler": {
      "version": "1.100.0",
      "resolved": "https://registry.npmjs.org/@aws-cdk/aws-codeguruprofiler/-/aws-codeguruprofiler-1.100.0.tgz",
      "integrity": "sha512-61rALx0Zqov5eMvkOPlW2+vtxRFEd0ZbUvUiwKoDBywXXjL05pmdQrfGzEnhLU3PX0+Jxr+7bfCsA6ff/onxVA==",
      "requires": {
        "@aws-cdk/aws-iam": "1.100.0",
        "@aws-cdk/core": "1.100.0",
        "constructs": "^3.3.69"
      }
    },
    "@aws-cdk/aws-cognito": {
      "version": "1.100.0",
      "resolved": "https://registry.npmjs.org/@aws-cdk/aws-cognito/-/aws-cognito-1.100.0.tgz",
      "integrity": "sha512-Vuw4ac6dLc+gJz96WgxTsj3kkeuZdkIFHCMH/OkTYHeviCHFHiX6n7jlqCWVIfwzmzaPDqo4d4j7WlvpzpZ5NA==",
      "requires": {
        "@aws-cdk/aws-certificatemanager": "1.100.0",
        "@aws-cdk/aws-iam": "1.100.0",
        "@aws-cdk/aws-lambda": "1.100.0",
        "@aws-cdk/core": "1.100.0",
        "@aws-cdk/custom-resources": "1.100.0",
        "constructs": "^3.3.69",
        "punycode": "^2.1.1"
      },
      "dependencies": {
        "punycode": {
          "version": "2.1.1",
          "bundled": true
        }
      }
    },
    "@aws-cdk/aws-ec2": {
      "version": "1.100.0",
      "resolved": "https://registry.npmjs.org/@aws-cdk/aws-ec2/-/aws-ec2-1.100.0.tgz",
      "integrity": "sha512-TFD8aA+xoMI6nlolSjE2NkjZRq529Qzb4lCgmzjAx64Ar7cAF4PK5x3E0gDQaJm5zCWYmJAxh3ps73Z1hqmQqw==",
      "requires": {
        "@aws-cdk/aws-cloudwatch": "1.100.0",
        "@aws-cdk/aws-iam": "1.100.0",
        "@aws-cdk/aws-kms": "1.100.0",
        "@aws-cdk/aws-logs": "1.100.0",
        "@aws-cdk/aws-s3": "1.100.0",
        "@aws-cdk/aws-s3-assets": "1.100.0",
        "@aws-cdk/aws-ssm": "1.100.0",
        "@aws-cdk/cloud-assembly-schema": "1.100.0",
        "@aws-cdk/core": "1.100.0",
        "@aws-cdk/cx-api": "1.100.0",
        "@aws-cdk/region-info": "1.100.0",
        "constructs": "^3.3.69"
      }
    },
    "@aws-cdk/aws-ecr": {
      "version": "1.100.0",
      "resolved": "https://registry.npmjs.org/@aws-cdk/aws-ecr/-/aws-ecr-1.100.0.tgz",
      "integrity": "sha512-m2FNehy5as9SDetK5dzjy2YajCO8usn8DzM1+qy34hcZLadMfbuhyFCslxQE0aWPHq24ARAMiMsMqAvxU/Kz6w==",
      "requires": {
        "@aws-cdk/aws-events": "1.100.0",
        "@aws-cdk/aws-iam": "1.100.0",
        "@aws-cdk/core": "1.100.0",
        "constructs": "^3.3.69"
      }
    },
    "@aws-cdk/aws-ecr-assets": {
      "version": "1.100.0",
      "resolved": "https://registry.npmjs.org/@aws-cdk/aws-ecr-assets/-/aws-ecr-assets-1.100.0.tgz",
      "integrity": "sha512-gT4RD/6z0+wRNrJaUoBxD3izpEjPeYPTrwj5dkhOZ15MyjlJGvdDj8qep9tRtgR1POAAorXFAxPodv37PKpXXw==",
      "requires": {
        "@aws-cdk/assets": "1.100.0",
        "@aws-cdk/aws-ecr": "1.100.0",
        "@aws-cdk/aws-iam": "1.100.0",
        "@aws-cdk/aws-s3": "1.100.0",
        "@aws-cdk/core": "1.100.0",
        "@aws-cdk/cx-api": "1.100.0",
        "constructs": "^3.3.69",
        "minimatch": "^3.0.4"
      },
      "dependencies": {
        "balanced-match": {
          "version": "1.0.0",
          "bundled": true
        },
        "brace-expansion": {
          "version": "1.1.11",
          "bundled": true,
          "requires": {
            "balanced-match": "^1.0.0",
            "concat-map": "0.0.1"
          }
        },
        "concat-map": {
          "version": "0.0.1",
          "bundled": true
        },
        "minimatch": {
          "version": "3.0.4",
          "bundled": true,
          "requires": {
            "brace-expansion": "^1.1.7"
          }
        }
      }
    },
    "@aws-cdk/aws-efs": {
      "version": "1.100.0",
      "resolved": "https://registry.npmjs.org/@aws-cdk/aws-efs/-/aws-efs-1.100.0.tgz",
      "integrity": "sha512-UOWc2k+uS8mZ71uck8/r+kPAxz+r0athUZuFcpJWd6yGLBU1GczVm6mWYW0NEgP4IwS+l+MgTaA10URnKktC9Q==",
      "requires": {
        "@aws-cdk/aws-ec2": "1.100.0",
        "@aws-cdk/aws-kms": "1.100.0",
        "@aws-cdk/cloud-assembly-schema": "1.100.0",
        "@aws-cdk/core": "1.100.0",
        "@aws-cdk/cx-api": "1.100.0",
        "constructs": "^3.3.69"
      }
    },
    "@aws-cdk/aws-elasticloadbalancing": {
      "version": "1.100.0",
      "resolved": "https://registry.npmjs.org/@aws-cdk/aws-elasticloadbalancing/-/aws-elasticloadbalancing-1.100.0.tgz",
      "integrity": "sha512-YXpRbgBDVQf8XIlXU00sUjgFNWTMww1SQQYH2spXj94EvRxMginNFkQ2bel5a/F14zL2LNjRZhho8W8F4v4D0A==",
      "requires": {
        "@aws-cdk/aws-ec2": "1.100.0",
        "@aws-cdk/core": "1.100.0",
        "constructs": "^3.3.69"
      }
    },
    "@aws-cdk/aws-elasticloadbalancingv2": {
      "version": "1.100.0",
      "resolved": "https://registry.npmjs.org/@aws-cdk/aws-elasticloadbalancingv2/-/aws-elasticloadbalancingv2-1.100.0.tgz",
      "integrity": "sha512-0RDBEh7if0k7bSD0SQ8uaV0JkyyBEuZUxJx+NHNcp2B0T4r6frsh1CEngBAjSI5NUIRRq6M6jFxlKbSEGEUcXw==",
      "requires": {
        "@aws-cdk/aws-certificatemanager": "1.100.0",
        "@aws-cdk/aws-cloudwatch": "1.100.0",
        "@aws-cdk/aws-ec2": "1.100.0",
        "@aws-cdk/aws-iam": "1.100.0",
        "@aws-cdk/aws-lambda": "1.100.0",
        "@aws-cdk/aws-s3": "1.100.0",
        "@aws-cdk/cloud-assembly-schema": "1.100.0",
        "@aws-cdk/core": "1.100.0",
        "@aws-cdk/cx-api": "1.100.0",
        "@aws-cdk/region-info": "1.100.0",
        "constructs": "^3.3.69"
      }
    },
    "@aws-cdk/aws-events": {
      "version": "1.100.0",
      "resolved": "https://registry.npmjs.org/@aws-cdk/aws-events/-/aws-events-1.100.0.tgz",
      "integrity": "sha512-NjdtLlDz17u30Q7VQIDSxr4/TUaTv/Dhns0zvUGdvBhmpnw0TnNglhCMzcwZ+YhVCpFz0IgvyHGDbCnYe7BayA==",
      "requires": {
        "@aws-cdk/aws-iam": "1.100.0",
        "@aws-cdk/core": "1.100.0",
        "constructs": "^3.3.69"
      }
    },
    "@aws-cdk/aws-globalaccelerator": {
      "version": "1.100.0",
      "resolved": "https://registry.npmjs.org/@aws-cdk/aws-globalaccelerator/-/aws-globalaccelerator-1.100.0.tgz",
      "integrity": "sha512-JO2/zE0DXYNgUbD1JewXRET+P/2+UhQRW7GvJIxmpFxnMjtnA1Vdd7bMSmsJoih0gvuNKfuwU6wKXO4MK4xG9Q==",
      "requires": {
        "@aws-cdk/aws-ec2": "1.100.0",
        "@aws-cdk/core": "1.100.0",
        "@aws-cdk/custom-resources": "1.100.0",
        "constructs": "^3.3.69"
      }
    },
    "@aws-cdk/aws-iam": {
      "version": "1.100.0",
      "resolved": "https://registry.npmjs.org/@aws-cdk/aws-iam/-/aws-iam-1.100.0.tgz",
      "integrity": "sha512-RM3E56QeCsUyvYhjlKBnpK8tgqdyjS7Z9dnf9u7bAZSBNAtDR4y3sIeMX201T5t11+biZt42pGHc4A3NbTra9A==",
      "requires": {
        "@aws-cdk/core": "1.100.0",
        "@aws-cdk/region-info": "1.100.0",
        "constructs": "^3.3.69"
      }
    },
    "@aws-cdk/aws-kms": {
      "version": "1.100.0",
      "resolved": "https://registry.npmjs.org/@aws-cdk/aws-kms/-/aws-kms-1.100.0.tgz",
      "integrity": "sha512-uT0XR7/5qhKfdGRGtZw8Qq6KdPDxf439Uv3qnf7djK1mORSmpM1RKGOoWjmwEpFotq3+nvbxNAarCO9fURzasw==",
      "requires": {
        "@aws-cdk/aws-iam": "1.100.0",
        "@aws-cdk/core": "1.100.0",
        "@aws-cdk/cx-api": "1.100.0",
        "constructs": "^3.3.69"
      }
    },
    "@aws-cdk/aws-lambda": {
      "version": "1.100.0",
      "resolved": "https://registry.npmjs.org/@aws-cdk/aws-lambda/-/aws-lambda-1.100.0.tgz",
      "integrity": "sha512-v+CwVunBqL/kmhNtu4UrZtP45PnvhZNUEu72DGwyrTyd6vGn7CnOF9l8uO9G2YfI5oSvQGFkdAT6NBLQzfTZ4Q==",
      "requires": {
        "@aws-cdk/aws-applicationautoscaling": "1.100.0",
        "@aws-cdk/aws-cloudwatch": "1.100.0",
        "@aws-cdk/aws-codeguruprofiler": "1.100.0",
        "@aws-cdk/aws-ec2": "1.100.0",
        "@aws-cdk/aws-ecr": "1.100.0",
        "@aws-cdk/aws-ecr-assets": "1.100.0",
        "@aws-cdk/aws-efs": "1.100.0",
        "@aws-cdk/aws-events": "1.100.0",
        "@aws-cdk/aws-iam": "1.100.0",
        "@aws-cdk/aws-kms": "1.100.0",
        "@aws-cdk/aws-logs": "1.100.0",
        "@aws-cdk/aws-s3": "1.100.0",
        "@aws-cdk/aws-s3-assets": "1.100.0",
        "@aws-cdk/aws-signer": "1.100.0",
        "@aws-cdk/aws-sqs": "1.100.0",
        "@aws-cdk/core": "1.100.0",
        "@aws-cdk/cx-api": "1.100.0",
        "constructs": "^3.3.69"
      }
    },
    "@aws-cdk/aws-logs": {
      "version": "1.100.0",
      "resolved": "https://registry.npmjs.org/@aws-cdk/aws-logs/-/aws-logs-1.100.0.tgz",
      "integrity": "sha512-7uEM9REPv510cb3GnkSH6tgdha9MiTgFgm/IQY701+6rV3peLDEevgwWXOhnmVMx0DC7SrFZ0bij6V+pXXSVvA==",
      "requires": {
        "@aws-cdk/aws-cloudwatch": "1.100.0",
        "@aws-cdk/aws-iam": "1.100.0",
        "@aws-cdk/aws-kms": "1.100.0",
        "@aws-cdk/aws-s3-assets": "1.100.0",
        "@aws-cdk/core": "1.100.0",
        "constructs": "^3.3.69"
      }
    },
    "@aws-cdk/aws-route53": {
      "version": "1.100.0",
      "resolved": "https://registry.npmjs.org/@aws-cdk/aws-route53/-/aws-route53-1.100.0.tgz",
      "integrity": "sha512-Qo4HrYVWN3+6DYnv+hHnKzpD6w2xpWC2O++my0FnRbAXbWeUn/OE3G0qaurQm8IR/hp8uKvcobvSQ5lizZUHyA==",
      "requires": {
        "@aws-cdk/aws-ec2": "1.100.0",
        "@aws-cdk/aws-iam": "1.100.0",
        "@aws-cdk/aws-logs": "1.100.0",
        "@aws-cdk/cloud-assembly-schema": "1.100.0",
        "@aws-cdk/core": "1.100.0",
        "@aws-cdk/custom-resources": "1.100.0",
        "constructs": "^3.3.69"
      }
    },
    "@aws-cdk/aws-route53-targets": {
      "version": "1.100.0",
      "resolved": "https://registry.npmjs.org/@aws-cdk/aws-route53-targets/-/aws-route53-targets-1.100.0.tgz",
      "integrity": "sha512-NAC3fND9qi0uLmPXdJM7WdTQ+BP983YbId64oAHPDkylpDdiD70fQ6h5USfvMc+TLDueINwvWoIO9+MaFMw2Og==",
      "requires": {
        "@aws-cdk/aws-apigateway": "1.100.0",
        "@aws-cdk/aws-cloudfront": "1.100.0",
        "@aws-cdk/aws-cognito": "1.100.0",
        "@aws-cdk/aws-ec2": "1.100.0",
        "@aws-cdk/aws-elasticloadbalancing": "1.100.0",
        "@aws-cdk/aws-elasticloadbalancingv2": "1.100.0",
        "@aws-cdk/aws-globalaccelerator": "1.100.0",
        "@aws-cdk/aws-iam": "1.100.0",
        "@aws-cdk/aws-route53": "1.100.0",
        "@aws-cdk/aws-s3": "1.100.0",
        "@aws-cdk/core": "1.100.0",
        "@aws-cdk/region-info": "1.100.0",
        "constructs": "^3.3.69"
      }
    },
    "@aws-cdk/aws-s3": {
      "version": "1.100.0",
      "resolved": "https://registry.npmjs.org/@aws-cdk/aws-s3/-/aws-s3-1.100.0.tgz",
      "integrity": "sha512-gbdRpgnl2mw2Gl3LVmJaTVdQaCqbXYDN9P0DCAl4zXACOdNsHHP8jNYcJfh8wDDWDpJTLm/V2sKHOY01e1xH+w==",
      "requires": {
        "@aws-cdk/aws-events": "1.100.0",
        "@aws-cdk/aws-iam": "1.100.0",
        "@aws-cdk/aws-kms": "1.100.0",
        "@aws-cdk/core": "1.100.0",
        "@aws-cdk/cx-api": "1.100.0",
        "constructs": "^3.3.69"
      }
    },
    "@aws-cdk/aws-s3-assets": {
      "version": "1.100.0",
      "resolved": "https://registry.npmjs.org/@aws-cdk/aws-s3-assets/-/aws-s3-assets-1.100.0.tgz",
      "integrity": "sha512-rupwiCuwTQUamJi/2M+pZlu2qJv9K68bp1LnxlvUYAKjlDmAYsf5F7HYnU92rIhE5oeHCIdabgWdz+Gc+hjfUg==",
      "requires": {
        "@aws-cdk/assets": "1.100.0",
        "@aws-cdk/aws-iam": "1.100.0",
        "@aws-cdk/aws-kms": "1.100.0",
        "@aws-cdk/aws-s3": "1.100.0",
        "@aws-cdk/core": "1.100.0",
        "@aws-cdk/cx-api": "1.100.0",
        "constructs": "^3.3.69"
      }
    },
    "@aws-cdk/aws-signer": {
      "version": "1.100.0",
      "resolved": "https://registry.npmjs.org/@aws-cdk/aws-signer/-/aws-signer-1.100.0.tgz",
      "integrity": "sha512-a4BnLpt+tju3D4jTs4ib9+x2bzSsOpoFUn51ps8ZIYE/sKJih8uc66tFlnM19fVjSK2+9Tqz50CAVEYtGXJOug==",
      "requires": {
        "@aws-cdk/core": "1.100.0",
        "constructs": "^3.3.69"
      }
    },
    "@aws-cdk/aws-sns": {
      "version": "1.100.0",
      "resolved": "https://registry.npmjs.org/@aws-cdk/aws-sns/-/aws-sns-1.100.0.tgz",
      "integrity": "sha512-0kYI3sK2ceqbT3Bjb8OAaiUAxwZf3S76W94j5H9uWxrbV6PQHyhj4zqvQt1Q3CubJw8BjYeYcN+/okQX7v1h2g==",
      "requires": {
        "@aws-cdk/aws-cloudwatch": "1.100.0",
        "@aws-cdk/aws-events": "1.100.0",
        "@aws-cdk/aws-iam": "1.100.0",
        "@aws-cdk/aws-kms": "1.100.0",
        "@aws-cdk/aws-sqs": "1.100.0",
        "@aws-cdk/core": "1.100.0",
        "constructs": "^3.3.69"
      }
    },
    "@aws-cdk/aws-sqs": {
      "version": "1.100.0",
      "resolved": "https://registry.npmjs.org/@aws-cdk/aws-sqs/-/aws-sqs-1.100.0.tgz",
      "integrity": "sha512-hhWUTmXRQBBxM85l9ufmim18XJofIF4bNPRLCOPMgi6SCDof8rMDoK0UwC2R7jjyv6vDTcV/cZ8AZ4L7029r4g==",
      "requires": {
        "@aws-cdk/aws-cloudwatch": "1.100.0",
        "@aws-cdk/aws-iam": "1.100.0",
        "@aws-cdk/aws-kms": "1.100.0",
        "@aws-cdk/core": "1.100.0",
        "constructs": "^3.3.69"
      }
    },
    "@aws-cdk/aws-ssm": {
      "version": "1.100.0",
      "resolved": "https://registry.npmjs.org/@aws-cdk/aws-ssm/-/aws-ssm-1.100.0.tgz",
      "integrity": "sha512-DMnf2kzGl93qa2OfXCzNWmoUT14Sw/AW1SCb6H0IflP90Le2JffwE/5lf80SHMz6M2BMyaWS7wIQKf02VEX4pQ==",
      "requires": {
        "@aws-cdk/aws-iam": "1.100.0",
        "@aws-cdk/aws-kms": "1.100.0",
        "@aws-cdk/cloud-assembly-schema": "1.100.0",
        "@aws-cdk/core": "1.100.0",
        "constructs": "^3.3.69"
      }
    },
    "@aws-cdk/aws-transfer": {
      "version": "1.100.0",
      "resolved": "https://registry.npmjs.org/@aws-cdk/aws-transfer/-/aws-transfer-1.100.0.tgz",
      "integrity": "sha512-FuSwZnIGflsMosgC9ymQv0nZby1XXpdBBsk/ccAWwRhA4HFI0u+y2QD1QTS8W5ewmbizfOrumV7/wzbQ1jkbvw==",
      "requires": {
        "@aws-cdk/core": "1.100.0",
        "constructs": "^3.3.69"
      }
    },
    "@aws-cdk/cloud-assembly-schema": {
      "version": "1.100.0",
      "resolved": "https://registry.npmjs.org/@aws-cdk/cloud-assembly-schema/-/cloud-assembly-schema-1.100.0.tgz",
      "integrity": "sha512-/khO7i5nHi08Es+Pxu9iIKSbAPaoF3tyWoNoRNHUxT8d/dHGqSwe6xWV5TccK2M4nHqDiDR1jSl2g/nXoKBJWQ==",
      "requires": {
        "jsonschema": "^1.4.0",
        "semver": "^7.3.5"
      },
      "dependencies": {
        "jsonschema": {
          "version": "1.4.0",
          "bundled": true
        },
        "lru-cache": {
          "version": "6.0.0",
          "bundled": true,
          "requires": {
            "yallist": "^4.0.0"
          }
        },
        "semver": {
          "version": "7.3.5",
          "bundled": true,
          "requires": {
            "lru-cache": "^6.0.0"
          }
        },
        "yallist": {
          "version": "4.0.0",
          "bundled": true
        }
      }
    },
    "@aws-cdk/core": {
      "version": "1.100.0",
      "resolved": "https://registry.npmjs.org/@aws-cdk/core/-/core-1.100.0.tgz",
      "integrity": "sha512-QnjFTqi5WX5k6qIakM0rVpNPYFIrGNIuJddph0wF1P0bb3a31YKLYO7lAHdPQXH3kIlO7+TjpRaalGhqT/8wJA==",
      "requires": {
        "@aws-cdk/cloud-assembly-schema": "1.100.0",
        "@aws-cdk/cx-api": "1.100.0",
        "@aws-cdk/region-info": "1.100.0",
        "@balena/dockerignore": "^1.0.2",
        "constructs": "^3.3.69",
        "fs-extra": "^9.1.0",
        "ignore": "^5.1.8",
        "minimatch": "^3.0.4"
      },
      "dependencies": {
        "@balena/dockerignore": {
          "version": "1.0.2",
          "bundled": true
        },
        "at-least-node": {
          "version": "1.0.0",
          "bundled": true
        },
        "balanced-match": {
          "version": "1.0.0",
          "bundled": true
        },
        "brace-expansion": {
          "version": "1.1.11",
          "bundled": true,
          "requires": {
            "balanced-match": "^1.0.0",
            "concat-map": "0.0.1"
          }
        },
        "concat-map": {
          "version": "0.0.1",
          "bundled": true
        },
        "fs-extra": {
          "version": "9.1.0",
          "bundled": true,
          "requires": {
            "at-least-node": "^1.0.0",
            "graceful-fs": "^4.2.0",
            "jsonfile": "^6.0.1",
            "universalify": "^2.0.0"
          }
        },
        "graceful-fs": {
          "version": "4.2.6",
          "bundled": true
        },
        "ignore": {
          "version": "5.1.8",
          "bundled": true
        },
        "jsonfile": {
          "version": "6.1.0",
          "bundled": true,
          "requires": {
            "graceful-fs": "^4.1.6",
            "universalify": "^2.0.0"
          }
        },
        "minimatch": {
          "version": "3.0.4",
          "bundled": true,
          "requires": {
            "brace-expansion": "^1.1.7"
          }
        },
        "universalify": {
          "version": "2.0.0",
          "bundled": true
        }
      }
    },
    "@aws-cdk/custom-resources": {
      "version": "1.100.0",
      "resolved": "https://registry.npmjs.org/@aws-cdk/custom-resources/-/custom-resources-1.100.0.tgz",
      "integrity": "sha512-8rXip/IG3USkyejjkvbD0++j76PEmFM/wfbdEDLoQT3IWmH7dflXVekZP7rHhyFT4sMXehmpey4YJW9gDdK/5w==",
      "requires": {
        "@aws-cdk/aws-cloudformation": "1.100.0",
        "@aws-cdk/aws-ec2": "1.100.0",
        "@aws-cdk/aws-iam": "1.100.0",
        "@aws-cdk/aws-lambda": "1.100.0",
        "@aws-cdk/aws-logs": "1.100.0",
        "@aws-cdk/aws-sns": "1.100.0",
        "@aws-cdk/core": "1.100.0",
        "constructs": "^3.3.69"
      }
    },
    "@aws-cdk/cx-api": {
      "version": "1.100.0",
      "resolved": "https://registry.npmjs.org/@aws-cdk/cx-api/-/cx-api-1.100.0.tgz",
      "integrity": "sha512-ZyWnRwgjSk3/djFztm//KLkDC5TbxWxNTbiu2xjXNP7fW8AXn7ONQWKMEbMOTE7qEZZeVUDEDPLAIUzYEfusLA==",
      "requires": {
        "@aws-cdk/cloud-assembly-schema": "1.100.0",
        "semver": "^7.3.5"
      },
      "dependencies": {
        "lru-cache": {
          "version": "6.0.0",
          "bundled": true,
          "requires": {
            "yallist": "^4.0.0"
          }
        },
        "semver": {
          "version": "7.3.5",
          "bundled": true,
          "requires": {
            "lru-cache": "^6.0.0"
          }
        },
        "yallist": {
          "version": "4.0.0",
          "bundled": true
        }
      }
    },
    "@aws-cdk/region-info": {
      "version": "1.100.0",
      "resolved": "https://registry.npmjs.org/@aws-cdk/region-info/-/region-info-1.100.0.tgz",
      "integrity": "sha512-pmlnSSbnGH2YPoSbAPW45Rqv1LDLVs3tyub4HXLeCdFSctYhDA5F7pZ6zVoGH4FTjrSebou1Xqkn/lYfbDEQJw=="
    },
    "constructs": {
      "version": "3.3.74",
      "resolved": "https://registry.npmjs.org/constructs/-/constructs-3.3.74.tgz",
      "integrity": "sha512-qLjLFw9jcPxPdZ838lFIzd/SwWSj6dHY8mgPQlfjPptmJLlDnsy+8VOCEeuzjMcYHFDa++8AoikPiHUzn58CaQ=="
    }
  }
}
